
Microsoft Visual Studio Solution File, Format Version 12.00
# Visual Studio Version 16
VisualStudioVersion = 16.0.30711.63
MinimumVisualStudioVersion = 10.0.40219.1
Project("{FAE04EC0-301F-11D3-BF4B-00C04F79EFBC}") = "ChessGame", "ChessGame\ChessGame.csproj", "{0B7EB862-3C68-4AE9-9997-95903E96FA4E}"
EndProject
Global
	GlobalSection(SolutionConfigurationPlatforms) = preSolution
		Debug|Any CPU = Debug|Any CPU
		Release|Any CPU = Release|Any CPU
	EndGlobalSection
	GlobalSection(ProjectConfigurationPlatforms) = postSolution
		{0B7EB862-3C68-4AE9-9997-95903E96FA4E}.Debug|Any CPU.ActiveCfg = Debug|Any CPU
		{0B7EB862-3C68-4AE9-9997-95903E96FA4E}.Debug|Any CPU.Build.0 = Debug|Any CPU
		{0B7EB862-3C68-4AE9-9997-95903E96FA4E}.Release|Any CPU.ActiveCfg = Release|Any CPU
		{0B7EB862-3C68-4AE9-9997-95903E96FA4E}.Release|Any CPU.Build.0 = Release|Any CPU
	EndGlobalSection
	GlobalSection(SolutionProperties) = preSolution
		HideSolutionNode = FALSE
	EndGlobalSection
	GlobalSection(ExtensibilityGlobals) = postSolution
		SolutionGuid = {B9EDF3B0-8A1E-42EC-B82A-59CDAC9571E7}
	EndGlobalSection
EndGlobal
